
Microsoft Visual Studio Solution File, Format Version 12.00
# Visual Studio Version 16
VisualStudioVersion = 16.0.30011.22
MinimumVisualStudioVersion = 10.0.40219.1
Project("{FAE04EC0-301F-11D3-BF4B-00C04F79EFBC}") = "XamarinTools.Android", "XamarinTools\XamarinTools.Android\XamarinTools.Android.csproj", "{DB6999CC-5EBE-4C04-A43E-BE200EAAAC77}"
EndProject
Project("{FAE04EC0-301F-11D3-BF4B-00C04F79EFBC}") = "XamarinTools.iOS", "XamarinTools\XamarinTools.iOS\XamarinTools.iOS.csproj", "{1FB39C53-BD80-44C7-B34B-B9882BAB8E7B}"
EndProject
Project("{FAE04EC0-301F-11D3-BF4B-00C04F79EFBC}") = "XamarinTools", "XamarinTools\XamarinTools\XamarinTools.csproj", "{4A0AC2D3-7380-43EB-8D33-C8EC340A7B71}"
EndProject
Global
	GlobalSection(SolutionConfigurationPlatforms) = preSolution
		Debug|Any CPU = Debug|Any CPU
		Debug|iPhone = Debug|iPhone
		Debug|iPhoneSimulator = Debug|iPhoneSimulator
		Release|Any CPU = Release|Any CPU
		Release|iPhone = Release|iPhone
		Release|iPhoneSimulator = Release|iPhoneSimulator
	EndGlobalSection
	GlobalSection(ProjectConfigurationPlatforms) = postSolution
		{DB6999CC-5EBE-4C04-A43E-BE200EAAAC77}.Debug|Any CPU.ActiveCfg = Debug|Any CPU
		{DB6999CC-5EBE-4C04-A43E-BE200EAAAC77}.Debug|Any CPU.Build.0 = Debug|Any CPU
		{DB6999CC-5EBE-4C04-A43E-BE200EAAAC77}.Debug|Any CPU.Deploy.0 = Debug|Any CPU
		{DB6999CC-5EBE-4C04-A43E-BE200EAAAC77}.Debug|iPhone.ActiveCfg = Debug|Any CPU
		{DB6999CC-5EBE-4C04-A43E-BE200EAAAC77}.Debug|iPhone.Build.0 = Debug|Any CPU
		{DB6999CC-5EBE-4C04-A43E-BE200EAAAC77}.Debug|iPhone.Deploy.0 = Debug|Any CPU
		{DB6999CC-5EBE-4C04-A43E-BE200EAAAC77}.Debug|iPhoneSimulator.ActiveCfg = Debug|Any CPU
		{DB6999CC-5EBE-4C04-A43E-BE200EAAAC77}.Debug|iPhoneSimulator.Build.0 = Debug|Any CPU
		{DB6999CC-5EBE-4C04-A43E-BE200EAAAC77}.Debug|iPhoneSimulator.Deploy.0 = Debug|Any CPU
		{DB6999CC-5EBE-4C04-A43E-BE200EAAAC77}.Release|Any CPU.ActiveCfg = Release|Any CPU
		{DB6999CC-5EBE-4C04-A43E-BE200EAAAC77}.Release|Any CPU.Build.0 = Release|Any CPU
		{DB6999CC-5EBE-4C04-A43E-BE200EAAAC77}.Release|Any CPU.Deploy.0 = Release|Any CPU
		{DB6999CC-5EBE-4C04-A43E-BE200EAAAC77}.Release|iPhone.ActiveCfg = Release|Any CPU
		{DB6999CC-5EBE-4C04-A43E-BE200EAAAC77}.Release|iPhone.Build.0 = Release|Any CPU
		{DB6999CC-5EBE-4C04-A43E-BE200EAAAC77}.Release|iPhone.Deploy.0 = Release|Any CPU
		{DB6999CC-5EBE-4C04-A43E-BE200EAAAC77}.Release|iPhoneSimulator.ActiveCfg = Release|Any CPU
		{DB6999CC-5EBE-4C04-A43E-BE200EAAAC77}.Release|iPhoneSimulator.Build.0 = Release|Any CPU
		{DB6999CC-5EBE-4C04-A43E-BE200EAAAC77}.Release|iPhoneSimulator.Deploy.0 = Release|Any CPU
		{1FB39C53-BD80-44C7-B34B-B9882BAB8E7B}.Debug|Any CPU.ActiveCfg = Debug|iPhone
		{1FB39C53-BD80-44C7-B34B-B9882BAB8E7B}.Debug|Any CPU.Build.0 = Debug|iPhone
		{1FB39C53-BD80-44C7-B34B-B9882BAB8E7B}.Debug|Any CPU.Deploy.0 = Debug|iPhone
		{1FB39C53-BD80-44C7-B34B-B9882BAB8E7B}.Debug|iPhone.ActiveCfg = Debug|iPhone
		{1FB39C53-BD80-44C7-B34B-B9882BAB8E7B}.Debug|iPhone.Build.0 = Debug|iPhone
		{1FB39C53-BD80-44C7-B34B-B9882BAB8E7B}.Debug|iPhone.Deploy.0 = Debug|iPhone
		{1FB39C53-BD80-44C7-B34B-B9882BAB8E7B}.Debug|iPhoneSimulator.ActiveCfg = Debug|iPhoneSimulator
		{1FB39C53-BD80-44C7-B34B-B9882BAB8E7B}.Debug|iPhoneSimulator.Build.0 = Debug|iPhoneSimulator
		{1FB39C53-BD80-44C7-B34B-B9882BAB8E7B}.Debug|iPhoneSimulator.Deploy.0 = Debug|iPhoneSimulator
		{1FB39C53-BD80-44C7-B34B-B9882BAB8E7B}.Release|Any CPU.ActiveCfg = Release|iPhone
		{1FB39C53-BD80-44C7-B34B-B9882BAB8E7B}.Release|Any CPU.Build.0 = Release|iPhone
		{1FB39C53-BD80-44C7-B34B-B9882BAB8E7B}.Release|Any CPU.Deploy.0 = Release|iPhone
		{1FB39C53-BD80-44C7-B34B-B9882BAB8E7B}.Release|iPhone.ActiveCfg = Release|iPhone
		{1FB39C53-BD80-44C7-B34B-B9882BAB8E7B}.Release|iPhone.Build.0 = Release|iPhone
		{1FB39C53-BD80-44C7-B34B-B9882BAB8E7B}.Release|iPhone.Deploy.0 = Release|iPhone
		{1FB39C53-BD80-44C7-B34B-B9882BAB8E7B}.Release|iPhoneSimulator.ActiveCfg = Release|iPhoneSimulator
		{1FB39C53-BD80-44C7-B34B-B9882BAB8E7B}.Release|iPhoneSimulator.Build.0 = Release|iPhoneSimulator
		{1FB39C53-BD80-44C7-B34B-B9882BAB8E7B}.Release|iPhoneSimulator.Deploy.0 = Release|iPhoneSimulator
		{4A0AC2D3-7380-43EB-8D33-C8EC340A7B71}.Debug|Any CPU.ActiveCfg = Debug|Any CPU
		{4A0AC2D3-7380-43EB-8D33-C8EC340A7B71}.Debug|Any CPU.Build.0 = Debug|Any CPU
		{4A0AC2D3-7380-43EB-8D33-C8EC340A7B71}.Debug|Any CPU.Deploy.0 = Debug|Any CPU
		{4A0AC2D3-7380-43EB-8D33-C8EC340A7B71}.Debug|iPhone.ActiveCfg = Debug|Any CPU
		{4A0AC2D3-7380-43EB-8D33-C8EC340A7B71}.Debug|iPhone.Build.0 = Debug|Any CPU
		{4A0AC2D3-7380-43EB-8D33-C8EC340A7B71}.Debug|iPhone.Deploy.0 = Debug|Any CPU
		{4A0AC2D3-7380-43EB-8D33-C8EC340A7B71}.Debug|iPhoneSimulator.ActiveCfg = Debug|Any CPU
		{4A0AC2D3-7380-43EB-8D33-C8EC340A7B71}.Debug|iPhoneSimulator.Build.0 = Debug|Any CPU
		{4A0AC2D3-7380-43EB-8D33-C8EC340A7B71}.Debug|iPhoneSimulator.Deploy.0 = Debug|Any CPU
		{4A0AC2D3-7380-43EB-8D33-C8EC340A7B71}.Release|Any CPU.ActiveCfg = Release|Any CPU
		{4A0AC2D3-7380-43EB-8D33-C8EC340A7B71}.Release|Any CPU.Build.0 = Release|Any CPU
		{4A0AC2D3-7380-43EB-8D33-C8EC340A7B71}.Release|Any CPU.Deploy.0 = Release|Any CPU
		{4A0AC2D3-7380-43EB-8D33-C8EC340A7B71}.Release|iPhone.ActiveCfg = Release|Any CPU
		{4A0AC2D3-7380-43EB-8D33-C8EC340A7B71}.Release|iPhone.Build.0 = Release|Any CPU
		{4A0AC2D3-7380-43EB-8D33-C8EC340A7B71}.Release|iPhone.Deploy.0 = Release|Any CPU
		{4A0AC2D3-7380-43EB-8D33-C8EC340A7B71}.Release|iPhoneSimulator.ActiveCfg = Release|Any CPU
		{4A0AC2D3-7380-43EB-8D33-C8EC340A7B71}.Release|iPhoneSimulator.Build.0 = Release|Any CPU
		{4A0AC2D3-7380-43EB-8D33-C8EC340A7B71}.Release|iPhoneSimulator.Deploy.0 = Release|Any CPU
	EndGlobalSection
	GlobalSection(SolutionProperties) = preSolution
		HideSolutionNode = FALSE
	EndGlobalSection
	GlobalSection(ExtensibilityGlobals) = postSolution
		SolutionGuid = {ABC809A9-69C5-49D2-80CE-464C63F132E7}
	EndGlobalSection
EndGlobal
